// !$*UTF8*$!
{
	archiveVersion = 1;
	classes = {
	};
	objectVersion = 46;
	objects = {

/* Begin PBXBuildFile section */
		C270B3C01F81AF2400483C5F /* AppDelegate.swift in Sources */ = {isa = PBXBuildFile; fileRef = C270B3BF1F81AF2400483C5F /* AppDelegate.swift */; };
		C270B3C21F81AF2400483C5F /* ViewController.swift in Sources */ = {isa = PBXBuildFile; fileRef = C270B3C11F81AF2400483C5F /* ViewController.swift */; };
		C270B3C51F81AF2400483C5F /* Main.storyboard in Resources */ = {isa = PBXBuildFile; fileRef = C270B3C31F81AF2400483C5F /* Main.storyboard */; };
		C270B3C71F81AF2400483C5F /* Assets.xcassets in Resources */ = {isa = PBXBuildFile; fileRef = C270B3C61F81AF2400483C5F /* Assets.xcassets */; };
		C270B3CA1F81AF2400483C5F /* LaunchScreen.storyboard in Resources */ = {isa = PBXBuildFile; fileRef = C270B3C81F81AF2400483C5F /* LaunchScreen.storyboard */; };
		C270B3D51F81AF2400483C5F /* AnimeTestTests.swift in Sources */ = {isa = PBXBuildFile; fileRef = C270B3D41F81AF2400483C5F /* AnimeTestTests.swift */; };
		C270B3E01F81AF2400483C5F /* AnimeTestUITests.swift in Sources */ = {isa = PBXBuildFile; fileRef = C270B3DF1F81AF2400483C5F /* AnimeTestUITests.swift */; };
/* End PBXBuildFile section */

/* Begin PBXContainerItemProxy section */
		C270B3D11F81AF2400483C5F /* PBXContainerItemProxy */ = {
			isa = PBXContainerItemProxy;
			containerPortal = C270B3B41F81AF2400483C5F /* Project object */;
			proxyType = 1;
			remoteGlobalIDString = C270B3BB1F81AF2400483C5F;
			remoteInfo = AnimeTest;
		};
		C270B3DC1F81AF2400483C5F /* PBXContainerItemProxy */ = {
			isa = PBXContainerItemProxy;
			containerPortal = C270B3B41F81AF2400483C5F /* Project object */;
			proxyType = 1;
			remoteGlobalIDString = C270B3BB1F81AF2400483C5F;
			remoteInfo = AnimeTest;
		};
/* End PBXContainerItemProxy section */

/* Begin PBXFileReference section */
		C270B3BC1F81AF2400483C5F /* AnimeTest.app */ = {isa = PBXFileReference; explicitFileType = wrapper.application; includeInIndex = 0; path = AnimeTest.app; sourceTree = BUILT_PRODUCTS_DIR; };
		C270B3BF1F81AF2400483C5F /* AppDelegate.swift */ = {isa = PBXFileReference; lastKnownFileType = sourcecode.swift; path = AppDelegate.swift; sourceTree = "<group>"; };
		C270B3C11F81AF2400483C5F /* ViewController.swift */ = {isa = PBXFileReference; lastKnownFileType = sourcecode.swift; path = ViewController.swift; sourceTree = "<group>"; };
		C270B3C41F81AF2400483C5F /* Base */ = {isa = PBXFileReference; lastKnownFileType = file.storyboard; name = Base; path = Base.lproj/Main.storyboard; sourceTree = "<group>"; };
		C270B3C61F81AF2400483C5F /* Assets.xcassets */ = {isa = PBXFileReference; lastKnownFileType = folder.assetcatalog; path = Assets.xcassets; sourceTree = "<group>"; };
		C270B3C91F81AF2400483C5F /* Base */ = {isa = PBXFileReference; lastKnownFileType = file.storyboard; name = Base; path = Base.lproj/LaunchScreen.storyboard; sourceTree = "<group>"; };
		C270B3CB1F81AF2400483C5F /* Info.plist */ = {isa = PBXFileReference; lastKnownFileType = text.plist.xml; path = Info.plist; sourceTree = "<group>"; };
		C270B3D01F81AF2400483C5F /* AnimeTestTests.xctest */ = {isa = PBXFileReference; explicitFileType = wrapper.cfbundle; includeInIndex = 0; path = AnimeTestTests.xctest; sourceTree = BUILT_PRODUCTS_DIR; };
		C270B3D41F81AF2400483C5F /* AnimeTestTests.swift */ = {isa = PBXFileReference; lastKnownFileType = sourcecode.swift; path = AnimeTestTests.swift; sourceTree = "<group>"; };
		C270B3D61F81AF2400483C5F /* Info.plist */ = {isa = PBXFileReference; lastKnownFileType = text.plist.xml; path = Info.plist; sourceTree = "<group>"; };
		C270B3DB1F81AF2400483C5F /* AnimeTestUITests.xctest */ = {isa = PBXFileReference; explicitFileType = wrapper.cfbundle; includeInIndex = 0; path = AnimeTestUITests.xctest; sourceTree = BUILT_PRODUCTS_DIR; };
		C270B3DF1F81AF2400483C5F /* AnimeTestUITests.swift */ = {isa = PBXFileReference; lastKnownFileType = sourcecode.swift; path = AnimeTestUITests.swift; sourceTree = "<group>"; };
		C270B3E11F81AF2400483C5F /* Info.plist */ = {isa = PBXFileReference; lastKnownFileType = text.plist.xml; path = Info.plist; sourceTree = "<group>"; };
/* End PBXFileReference section */

/* Begin PBXFrameworksBuildPhase section */
		C270B3B91F81AF2400483C5F /* Frameworks */ = {
			isa = PBXFrameworksBuildPhase;
			buildActionMask = 2147483647;
			files = (
			);
			runOnlyForDeploymentPostprocessing = 0;
		};
		C270B3CD1F81AF2400483C5F /* Frameworks */ = {
			isa = PBXFrameworksBuildPhase;
			buildActionMask = 2147483647;
			files = (
			);
			runOnlyForDeploymentPostprocessing = 0;
		};
		C270B3D81F81AF2400483C5F /* Frameworks */ = {
			isa = PBXFrameworksBuildPhase;
			buildActionMask = 2147483647;
			files = (
			);
			runOnlyForDeploymentPostprocessing = 0;
		};
/* End PBXFrameworksBuildPhase section */

/* Begin PBXGroup section */
		C270B3B31F81AF2400483C5F = {
			isa = PBXGroup;
			children = (
				C270B3BE1F81AF2400483C5F /* AnimeTest */,
				C270B3D31F81AF2400483C5F /* AnimeTestTests */,
				C270B3DE1F81AF2400483C5F /* AnimeTestUITests */,
				C270B3BD1F81AF2400483C5F /* Products */,
			);
			sourceTree = "<group>";
		};
		C270B3BD1F81AF2400483C5F /* Products */ = {
			isa = PBXGroup;
			children = (
				C270B3BC1F81AF2400483C5F /* AnimeTest.app */,
				C270B3D01F81AF2400483C5F /* AnimeTestTests.xctest */,
				C270B3DB1F81AF2400483C5F /* AnimeTestUITests.xctest */,
			);
			name = Products;
			sourceTree = "<group>";
		};
		C270B3BE1F81AF2400483C5F /* AnimeTest */ = {
			isa = PBXGroup;
			children = (
				C270B3BF1F81AF2400483C5F /* AppDelegate.swift */,
				C270B3C11F81AF2400483C5F /* ViewController.swift */,
				C270B3C31F81AF2400483C5F /* Main.storyboard */,
				C270B3C61F81AF2400483C5F /* Assets.xcassets */,
				C270B3C81F81AF2400483C5F /* LaunchScreen.storyboard */,
				C270B3CB1F81AF2400483C5F /* Info.plist */,
			);
			path = AnimeTest;
			sourceTree = "<group>";
		};
		C270B3D31F81AF2400483C5F /* AnimeTestTests */ = {
			isa = PBXGroup;
			children = (
				C270B3D41F81AF2400483C5F /* AnimeTestTests.swift */,
				C270B3D61F81AF2400483C5F /* Info.plist */,
			);
			path = AnimeTestTests;
			sourceTree = "<group>";
		};
		C270B3DE1F81AF2400483C5F /* AnimeTestUITests */ = {
			isa = PBXGroup;
			children = (
				C270B3DF1F81AF2400483C5F /* AnimeTestUITests.swift */,
				C270B3E11F81AF2400483C5F /* Info.plist */,
			);
			path = AnimeTestUITests;
			sourceTree = "<group>";
		};
/* End PBXGroup section */

/* Begin PBXNativeTarget section */
		C270B3BB1F81AF2400483C5F /* AnimeTest */ = {
			isa = PBXNativeTarget;
			buildConfigurationList = C270B3E41F81AF2400483C5F /* Build configuration list for PBXNativeTarget "AnimeTest" */;
			buildPhases = (
				C270B3B81F81AF2400483C5F /* Sources */,
				C270B3B91F81AF2400483C5F /* Frameworks */,
				C270B3BA1F81AF2400483C5F /* Resources */,
			);
			buildRules = (
			);
			dependencies = (
			);
			name = AnimeTest;
			productName = AnimeTest;
			productReference = C270B3BC1F81AF2400483C5F /* AnimeTest.app */;
			productType = "com.apple.product-type.application";
		};
		C270B3CF1F81AF2400483C5F /* AnimeTestTests */ = {
			isa = PBXNativeTarget;
			buildConfigurationList = C270B3E71F81AF2400483C5F /* Build configuration list for PBXNativeTarget "AnimeTestTests" */;
			buildPhases = (
				C270B3CC1F81AF2400483C5F /* Sources */,
				C270B3CD1F81AF2400483C5F /* Frameworks */,
				C270B3CE1F81AF2400483C5F /* Resources */,
			);
			buildRules = (
			);
			dependencies = (
				C270B3D21F81AF2400483C5F /* PBXTargetDependency */,
			);
			name = AnimeTestTests;
			productName = AnimeTestTests;
			productReference = C270B3D01F81AF2400483C5F /* AnimeTestTests.xctest */;
			productType = "com.apple.product-type.bundle.unit-test";
		};
		C270B3DA1F81AF2400483C5F /* AnimeTestUITests */ = {
			isa = PBXNativeTarget;
			buildConfigurationList = C270B3EA1F81AF2400483C5F /* Build configuration list for PBXNativeTarget "AnimeTestUITests" */;
			buildPhases = (
				C270B3D71F81AF2400483C5F /* Sources */,
				C270B3D81F81AF2400483C5F /* Frameworks */,
				C270B3D91F81AF2400483C5F /* Resources */,
			);
			buildRules = (
			);
			dependencies = (
				C270B3DD1F81AF2400483C5F /* PBXTargetDependency */,
			);
			name = AnimeTestUITests;
			productName = AnimeTestUITests;
			productReference = C270B3DB1F81AF2400483C5F /* AnimeTestUITests.xctest */;
			productType = "com.apple.product-type.bundle.ui-testing";
		};
/* End PBXNativeTarget section */

/* Begin PBXProject section */
		C270B3B41F81AF2400483C5F /* Project object */ = {
			isa = PBXProject;
			attributes = {
				LastSwiftUpdateCheck = 0830;
				LastUpgradeCheck = 0830;
				ORGANIZATIONNAME = GeoMagnet;
				TargetAttributes = {
					C270B3BB1F81AF2400483C5F = {
						CreatedOnToolsVersion = 8.3.3;
						DevelopmentTeam = 5RLP68N6AT;
						ProvisioningStyle = Automatic;
					};
					C270B3CF1F81AF2400483C5F = {
						CreatedOnToolsVersion = 8.3.3;
						DevelopmentTeam = 5RLP68N6AT;
						ProvisioningStyle = Automatic;
						TestTargetID = C270B3BB1F81AF2400483C5F;
					};
					C270B3DA1F81AF2400483C5F = {
						CreatedOnToolsVersion = 8.3.3;
						DevelopmentTeam = 5RLP68N6AT;
						ProvisioningStyle = Automatic;
						TestTargetID = C270B3BB1F81AF2400483C5F;
					};
				};
			};
			buildConfigurationList = C270B3B71F81AF2400483C5F /* Build configuration list for PBXProject "AnimeTest" */;
			compatibilityVersion = "Xcode 3.2";
			developmentRegion = English;
			hasScannedForEncodings = 0;
			knownRegions = (
				en,
				Base,
			);
			mainGroup = C270B3B31F81AF2400483C5F;
			productRefGroup = C270B3BD1F81AF2400483C5F /* Products */;
			projectDirPath = "";
			projectRoot = "";
			targets = (
				C270B3BB1F81AF2400483C5F /* AnimeTest */,
				C270B3CF1F81AF2400483C5F /* AnimeTestTests */,
				C270B3DA1F81AF2400483C5F /* AnimeTestUITests */,
			);
		};
/* End PBXProject section */

/* Begin PBXResourcesBuildPhase section */
		C270B3BA1F81AF2400483C5F /* Resources */ = {
			isa = PBXResourcesBuildPhase;
			buildActionMask = 2147483647;
			files = (
				C270B3CA1F81AF2400483C5F /* LaunchScreen.storyboard in Resources */,
				C270B3C71F81AF2400483C5F /* Assets.xcassets in Resources */,
				C270B3C51F81AF2400483C5F /* Main.storyboard in Resources */,
			);
			runOnlyForDeploymentPostprocessing = 0;
		};
		C270B3CE1F81AF2400483C5F /* Resources */ = {
			isa = PBXResourcesBuildPhase;
			buildActionMask = 2147483647;
			files = (
			);
			runOnlyForDeploymentPostprocessing = 0;
		};
		C270B3D91F81AF2400483C5F /* Resources */ = {
			isa = PBXResourcesBuildPhase;
			buildActionMask = 2147483647;
			files = (
			);
			runOnlyForDeploymentPostprocessing = 0;
		};
/* End PBXResourcesBuildPhase section */

/* Begin PBXSourcesBuildPhase section */
		C270B3B81F81AF2400483C5F /* Sources */ = {
			isa = PBXSourcesBuildPhase;
			buildActionMask = 2147483647;
			files = (
				C270B3C21F81AF2400483C5F /* ViewController.swift in Sources */,
				C270B3C01F81AF2400483C5F /* AppDelegate.swift in Sources */,
			);
			runOnlyForDeploymentPostprocessing = 0;
		};
		C270B3CC1F81AF2400483C5F /* Sources */ = {
			isa = PBXSourcesBuildPhase;
			buildActionMask = 2147483647;
			files = (
				C270B3D51F81AF2400483C5F /* AnimeTestTests.swift in Sources */,
			);
			runOnlyForDeploymentPostprocessing = 0;
		};
		C270B3D71F81AF2400483C5F /* Sources */ = {
			isa = PBXSourcesBuildPhase;
			buildActionMask = 2147483647;
			files = (
				C270B3E01F81AF2400483C5F /* AnimeTestUITests.swift in Sources */,
			);
			runOnlyForDeploymentPostprocessing = 0;
		};
/* End PBXSourcesBuildPhase section */

/* Begin PBXTargetDependency section */
		C270B3D21F81AF2400483C5F /* PBXTargetDependency */ = {
			isa = PBXTargetDependency;
			target = C270B3BB1F81AF2400483C5F /* AnimeTest */;
			targetProxy = C270B3D11F81AF2400483C5F /* PBXContainerItemProxy */;
		};
		C270B3DD1F81AF2400483C5F /* PBXTargetDependency */ = {
			isa = PBXTargetDependency;
			target = C270B3BB1F81AF2400483C5F /* AnimeTest */;
			targetProxy = C270B3DC1F81AF2400483C5F /* PBXContainerItemProxy */;
		};
/* End PBXTargetDependency section */

/* Begin PBXVariantGroup section */
		C270B3C31F81AF2400483C5F /* Main.storyboard */ = {
			isa = PBXVariantGroup;
			children = (
				C270B3C41F81AF2400483C5F /* Base */,
			);
			name = Main.storyboard;
			sourceTree = "<group>";
		};
		C270B3C81F81AF2400483C5F /* LaunchScreen.storyboard */ = {
			isa = PBXVariantGroup;
			children = (
				C270B3C91F81AF2400483C5F /* Base */,
			);
			name = LaunchScreen.storyboard;
			sourceTree = "<group>";
		};
/* End PBXVariantGroup section */

/* Begin XCBuildConfiguration section */
		C270B3E21F81AF2400483C5F /* Debug */ = {
			isa = XCBuildConfiguration;
			buildSettings = {
				ALWAYS_SEARCH_USER_PATHS = NO;
				CLANG_ANALYZER_NONNULL = YES;
				CLANG_ANALYZER_NUMBER_OBJECT_CONVERSION = YES_AGGRESSIVE;
				CLANG_CXX_LANGUAGE_STANDARD = "gnu++0x";
				CLANG_CXX_LIBRARY = "libc++";
				CLANG_ENABLE_MODULES = YES;
				CLANG_ENABLE_OBJC_ARC = YES;
				CLANG_WARN_BOOL_CONVERSION = YES;
				CLANG_WARN_CONSTANT_CONVERSION = YES;
				CLANG_WARN_DIRECT_OBJC_ISA_USAGE = YES_ERROR;
				CLANG_WARN_DOCUMENTATION_COMMENTS = YES;
				CLANG_WARN_EMPTY_BODY = YES;
				CLANG_WARN_ENUM_CONVERSION = YES;
				CLANG_WARN_INFINITE_RECURSION = YES;
				CLANG_WARN_INT_CONVERSION = YES;
				CLANG_WARN_OBJC_ROOT_CLASS = YES_ERROR;
				CLANG_WARN_SUSPICIOUS_MOVE = YES;
				CLANG_WARN_UNREACHABLE_CODE = YES;
				CLANG_WARN__DUPLICATE_METHOD_MATCH = YES;
				"CODE_SIGN_IDENTITY[sdk=iphoneos*]" = "iPhone Developer";
				COPY_PHASE_STRIP = NO;
				DEBUG_INFORMATION_FORMAT = dwarf;
				ENABLE_STRICT_OBJC_MSGSEND = YES;
				ENABLE_TESTABILITY = YES;
				GCC_C_LANGUAGE_STANDARD = gnu99;
				GCC_DYNAMIC_NO_PIC = NO;
				GCC_NO_COMMON_BLOCKS = YES;
				GCC_OPTIMIZATION_LEVEL = 0;
				GCC_PREPROCESSOR_DEFINITIONS = (
					"DEBUG=1",
					"$(inherited)",
				);
				GCC_WARN_64_TO_32_BIT_CONVERSION = YES;
				GCC_WARN_ABOUT_RETURN_TYPE = YES_ERROR;
				GCC_WARN_UNDECLARED_SELECTOR = YES;
				GCC_WARN_UNINITIALIZED_AUTOS = YES_AGGRESSIVE;
				GCC_WARN_UNUSED_FUNCTION = YES;
				GCC_WARN_UNUSED_VARIABLE = YES;
				IPHONEOS_DEPLOYMENT_TARGET = 10.3;
				MTL_ENABLE_DEBUG_INFO = YES;
				ONLY_ACTIVE_ARCH = YES;
				SDKROOT = iphoneos;
				SWIFT_ACTIVE_COMPILATION_CONDITIONS = DEBUG;
				SWIFT_OPTIMIZATION_LEVEL = "-Onone";
				TARGETED_DEVICE_FAMILY = "1,2";
			};
			name = Debug;
		};
		C270B3E31F81AF2400483C5F /* Release */ = {
			isa = XCBuildConfiguration;
			buildSettings = {
				ALWAYS_SEARCH_USER_PATHS = NO;
				CLANG_ANALYZER_NONNULL = YES;
				CLANG_ANALYZER_NUMBER_OBJECT_CONVERSION = YES_AGGRESSIVE;
				CLANG_CXX_LANGUAGE_STANDARD = "gnu++0x";
				CLANG_CXX_LIBRARY = "libc++";
				CLANG_ENABLE_MODULES = YES;
				CLANG_ENABLE_OBJC_ARC = YES;
				CLANG_WARN_BOOL_CONVERSION = YES;
				CLANG_WARN_CONSTANT_CONVERSION = YES;
				CLANG_WARN_DIRECT_OBJC_ISA_USAGE = YES_ERROR;
				CLANG_WARN_DOCUMENTATION_COMMENTS = YES;
				CLANG_WARN_EMPTY_BODY = YES;
				CLANG_WARN_ENUM_CONVERSION = YES;
				CLANG_WARN_INFINITE_RECURSION = YES;
				CLANG_WARN_INT_CONVERSION = YES;
				CLANG_WARN_OBJC_ROOT_CLASS = YES_ERROR;
				CLANG_WARN_SUSPICIOUS_MOVE = YES;
				CLANG_WARN_UNREACHABLE_CODE = YES;
				CLANG_WARN__DUPLICATE_METHOD_MATCH = YES;
				"CODE_SIGN_IDENTITY[sdk=iphoneos*]" = "iPhone Developer";
				COPY_PHASE_STRIP = NO;
				DEBUG_INFORMATION_FORMAT = "dwarf-with-dsym";
				ENABLE_NS_ASSERTIONS = NO;
				ENABLE_STRICT_OBJC_MSGSEND = YES;
				GCC_C_LANGUAGE_STANDARD = gnu99;
				GCC_NO_COMMON_BLOCKS = YES;
				GCC_WARN_64_TO_32_BIT_CONVERSION = YES;
				GCC_WARN_ABOUT_RETURN_TYPE = YES_ERROR;
				GCC_WARN_UNDECLARED_SELECTOR = YES;
				GCC_WARN_UNINITIALIZED_AUTOS = YES_AGGRESSIVE;
				GCC_WARN_UNUSED_FUNCTION = YES;
				GCC_WARN_UNUSED_VARIABLE = YES;
				IPHONEOS_DEPLOYMENT_TARGET = 10.3;
				MTL_ENABLE_DEBUG_INFO = NO;
				SDKROOT = iphoneos;
				SWIFT_OPTIMIZATION_LEVEL = "-Owholemodule";
				TARGETED_DEVICE_FAMILY = "1,2";
				VALIDATE_PRODUCT = YES;
			};
			name = Release;
		};
		C270B3E51F81AF2400483C5F /* Debug */ = {
			isa = XCBuildConfiguration;
			buildSettings = {
				ASSETCATALOG_COMPILER_APPICON_NAME = AppIcon;
				DEVELOPMENT_TEAM = 5RLP68N6AT;
				INFOPLIST_FILE = AnimeTest/Info.plist;
				LD_RUNPATH_SEARCH_PATHS = "$(inherited) @executable_path/Frameworks";
				PRODUCT_BUNDLE_IDENTIFIER = jp.co.geomagnet.AnimeTest;
				PRODUCT_NAME = "$(TARGET_NAME)";
				SWIFT_VERSION = 3.0;
			};
			name = Debug;
		};
		C270B3E61F81AF2400483C5F /* Release */ = {
			isa = XCBuildConfiguration;
			buildSettings = {
				ASSETCATALOG_COMPILER_APPICON_NAME = AppIcon;
				DEVELOPMENT_TEAM = 5RLP68N6AT;
				INFOPLIST_FILE = AnimeTest/Info.plist;
				LD_RUNPATH_SEARCH_PATHS = "$(inherited) @executable_path/Frameworks";
				PRODUCT_BUNDLE_IDENTIFIER = jp.co.geomagnet.AnimeTest;
				PRODUCT_NAME = "$(TARGET_NAME)";
				SWIFT_VERSION = 3.0;
			};
			name = Release;
		};
		C270B3E81F81AF2400483C5F /* Debug */ = {
			isa = XCBuildConfiguration;
			buildSettings = {
				ALWAYS_EMBED_SWIFT_STANDARD_LIBRARIES = YES;
				BUNDLE_LOADER = "$(TEST_HOST)";
				DEVELOPMENT_TEAM = 5RLP68N6AT;
				INFOPLIST_FILE = AnimeTestTests/Info.plist;
				LD_RUNPATH_SEARCH_PATHS = "$(inherited) @executable_path/Frameworks @loader_path/Frameworks";
				PRODUCT_BUNDLE_IDENTIFIER = jp.co.geomagnet.AnimeTestTests;
				PRODUCT_NAME = "$(TARGET_NAME)";
				SWIFT_VERSION = 3.0;
				TEST_HOST = "$(BUILT_PRODUCTS_DIR)/AnimeTest.app/AnimeTest";
			};
			name = Debug;
		};
		C270B3E91F81AF2400483C5F /* Release */ = {
			isa = XCBuildConfiguration;
			buildSettings = {
				ALWAYS_EMBED_SWIFT_STANDARD_LIBRARIES = YES;
				BUNDLE_LOADER = "$(TEST_HOST)";
				DEVELOPMENT_TEAM = 5RLP68N6AT;
				INFOPLIST_FILE = AnimeTestTests/Info.plist;
				LD_RUNPATH_SEARCH_PATHS = "$(inherited) @executable_path/Frameworks @loader_path/Frameworks";
				PRODUCT_BUNDLE_IDENTIFIER = jp.co.geomagnet.AnimeTestTests;
				PRODUCT_NAME = "$(TARGET_NAME)";
				SWIFT_VERSION = 3.0;
				TEST_HOST = "$(BUILT_PRODUCTS_DIR)/AnimeTest.app/AnimeTest";
			};
			name = Release;
		};
		C270B3EB1F81AF2400483C5F /* Debug */ = {
			isa = XCBuildConfiguration;
			buildSettings = {
				ALWAYS_EMBED_SWIFT_STANDARD_LIBRARIES = YES;
				DEVELOPMENT_TEAM = 5RLP68N6AT;
				INFOPLIST_FILE = AnimeTestUITests/Info.plist;
				LD_RUNPATH_SEARCH_PATHS = "$(inherited) @executable_path/Frameworks @loader_path/Frameworks";
				PRODUCT_BUNDLE_IDENTIFIER = jp.co.geomagnet.AnimeTestUITests;
				PRODUCT_NAME = "$(TARGET_NAME)";
				SWIFT_VERSION = 3.0;
				TEST_TARGET_NAME = AnimeTest;
			};
			name = Debug;
		};
		C270B3EC1F81AF2400483C5F /* Release */ = {
			isa = XCBuildConfiguration;
			buildSettings = {
				ALWAYS_EMBED_SWIFT_STANDARD_LIBRARIES = YES;
				DEVELOPMENT_TEAM = 5RLP68N6AT;
				INFOPLIST_FILE = AnimeTestUITests/Info.plist;
				LD_RUNPATH_SEARCH_PATHS = "$(inherited) @executable_path/Frameworks @loader_path/Frameworks";
				PRODUCT_BUNDLE_IDENTIFIER = jp.co.geomagnet.AnimeTestUITests;
				PRODUCT_NAME = "$(TARGET_NAME)";
				SWIFT_VERSION = 3.0;
				TEST_TARGET_NAME = AnimeTest;
			};
			name = Release;
		};
/* End XCBuildConfiguration section */

/* Begin XCConfigurationList section */
		C270B3B71F81AF2400483C5F /* Build configuration list for PBXProject "AnimeTest" */ = {
			isa = XCConfigurationList;
			buildConfigurations = (
				C270B3E21F81AF2400483C5F /* Debug */,
				C270B3E31F81AF2400483C5F /* Release */,
			);
			defaultConfigurationIsVisible = 0;
			defaultConfigurationName = Release;
		};
		C270B3E41F81AF2400483C5F /* Build configuration list for PBXNativeTarget "AnimeTest" */ = {
			isa = XCConfigurationList;
			buildConfigurations = (
				C270B3E51F81AF2400483C5F /* Debug */,
				C270B3E61F81AF2400483C5F /* Release */,
			);
			defaultConfigurationIsVisible = 0;
		};
		C270B3E71F81AF2400483C5F /* Build configuration list for PBXNativeTarget "AnimeTestTests" */ = {
			isa = XCConfigurationList;
			buildConfigurations = (
				C270B3E81F81AF2400483C5F /* Debug */,
				C270B3E91F81AF2400483C5F /* Release */,
			);
			defaultConfigurationIsVisible = 0;
		};
		C270B3EA1F81AF2400483C5F /* Build configuration list for PBXNativeTarget "AnimeTestUITests" */ = {
			isa = XCConfigurationList;
			buildConfigurations = (
				C270B3EB1F81AF2400483C5F /* Debug */,
				C270B3EC1F81AF2400483C5F /* Release */,
			);
			defaultConfigurationIsVisible = 0;
		};
/* End XCConfigurationList section */
	};
	rootObject = C270B3B41F81AF2400483C5F /* Project object */;
}
